
Microsoft Visual Studio Solution File, Format Version 12.00
# Visual Studio 2013
VisualStudioVersion = 12.0.30723.0
MinimumVisualStudioVersion = 10.0.40219.1
Project("{FAE04EC0-301F-11D3-BF4B-00C04F79EFBC}") = "FatalShot", "FatalShot\FatalShot\FatalShot.csproj", "{F5C489A3-5921-4837-8ED2-2CD78E6DDA08}"
EndProject
Project("{FAE04EC0-301F-11D3-BF4B-00C04F79EFBC}") = "FatalShotContent", "FatalShot\FatalShotContent\FatalShotContent.contentproj", "{F6DE48BE-F57A-42CE-A8B6-8D1334DF830E}"
EndProject
Global
	GlobalSection(SolutionConfigurationPlatforms) = preSolution
		Debug|x86 = Debug|x86
		Release|x86 = Release|x86
	EndGlobalSection
	GlobalSection(ProjectConfigurationPlatforms) = postSolution
		{F5C489A3-5921-4837-8ED2-2CD78E6DDA08}.Debug|x86.ActiveCfg = Debug|x86
		{F5C489A3-5921-4837-8ED2-2CD78E6DDA08}.Debug|x86.Build.0 = Debug|x86
		{F5C489A3-5921-4837-8ED2-2CD78E6DDA08}.Release|x86.ActiveCfg = Release|x86
		{F5C489A3-5921-4837-8ED2-2CD78E6DDA08}.Release|x86.Build.0 = Release|x86
		{F6DE48BE-F57A-42CE-A8B6-8D1334DF830E}.Debug|x86.ActiveCfg = Debug|x86
		{F6DE48BE-F57A-42CE-A8B6-8D1334DF830E}.Release|x86.ActiveCfg = Release|x86
	EndGlobalSection
	GlobalSection(SolutionProperties) = preSolution
		HideSolutionNode = FALSE
	EndGlobalSection
EndGlobal
